
Microsoft Visual Studio Solution File, Format Version 12.00
# Visual Studio Version 17
VisualStudioVersion = 17.6.33712.159
MinimumVisualStudioVersion = 10.0.40219.1
Project("{9A19103F-16F7-4668-BE54-9A1E7A4F7556}") = "WPFTPF", "WPFTPF\WPFTPF.csproj", "{012EA6D0-5A72-456F-9D13-946B62211B06}"
EndProject
Project("{9A19103F-16F7-4668-BE54-9A1E7A4F7556}") = "SharpDXTPF", "SharpDXTPF\SharpDXTPF.csproj", "{D687CA0C-2165-41D0-9FDF-806D4FCF5DE7}"
EndProject
Project("{9A19103F-16F7-4668-BE54-9A1E7A4F7556}") = "IlodarAcademy", "IlodarAcademy\IlodarAcademy.csproj", "{3CBE96CE-D23E-4C8A-8ACA-EC506DB8A34C}"
EndProject
Project("{9A19103F-16F7-4668-BE54-9A1E7A4F7556}") = "GraphicLibrary", "GraphicLibrary\GraphicLibrary.csproj", "{25E676CF-5962-4BE6-95DE-28AB44E24678}"
EndProject
Project("{9A19103F-16F7-4668-BE54-9A1E7A4F7556}") = "IlodarAcademyTest", "IlodarAcademyTest\IlodarAcademyTest.csproj", "{275B2E93-CA1A-436F-9919-F21C979B0E65}"
EndProject
Project("{FAE04EC0-301F-11D3-BF4B-00C04F79EFBC}") = "TPF2", "TPF2\TPF2.csproj", "{CFBB7CC1-3673-4719-8C6A-7888E49A035F}"
EndProject
Global
	GlobalSection(SolutionConfigurationPlatforms) = preSolution
		Debug|Any CPU = Debug|Any CPU
		Release|Any CPU = Release|Any CPU
	EndGlobalSection
	GlobalSection(ProjectConfigurationPlatforms) = postSolution
		{012EA6D0-5A72-456F-9D13-946B62211B06}.Debug|Any CPU.ActiveCfg = Debug|Any CPU
		{012EA6D0-5A72-456F-9D13-946B62211B06}.Debug|Any CPU.Build.0 = Debug|Any CPU
		{012EA6D0-5A72-456F-9D13-946B62211B06}.Release|Any CPU.ActiveCfg = Release|Any CPU
		{012EA6D0-5A72-456F-9D13-946B62211B06}.Release|Any CPU.Build.0 = Release|Any CPU
		{D687CA0C-2165-41D0-9FDF-806D4FCF5DE7}.Debug|Any CPU.ActiveCfg = Debug|Any CPU
		{D687CA0C-2165-41D0-9FDF-806D4FCF5DE7}.Debug|Any CPU.Build.0 = Debug|Any CPU
		{D687CA0C-2165-41D0-9FDF-806D4FCF5DE7}.Release|Any CPU.ActiveCfg = Release|Any CPU
		{D687CA0C-2165-41D0-9FDF-806D4FCF5DE7}.Release|Any CPU.Build.0 = Release|Any CPU
		{3CBE96CE-D23E-4C8A-8ACA-EC506DB8A34C}.Debug|Any CPU.ActiveCfg = Debug|Any CPU
		{3CBE96CE-D23E-4C8A-8ACA-EC506DB8A34C}.Debug|Any CPU.Build.0 = Debug|Any CPU
		{3CBE96CE-D23E-4C8A-8ACA-EC506DB8A34C}.Release|Any CPU.ActiveCfg = Release|Any CPU
		{3CBE96CE-D23E-4C8A-8ACA-EC506DB8A34C}.Release|Any CPU.Build.0 = Release|Any CPU
		{25E676CF-5962-4BE6-95DE-28AB44E24678}.Debug|Any CPU.ActiveCfg = Debug|Any CPU
		{25E676CF-5962-4BE6-95DE-28AB44E24678}.Debug|Any CPU.Build.0 = Debug|Any CPU
		{25E676CF-5962-4BE6-95DE-28AB44E24678}.Release|Any CPU.ActiveCfg = Release|Any CPU
		{25E676CF-5962-4BE6-95DE-28AB44E24678}.Release|Any CPU.Build.0 = Release|Any CPU
		{275B2E93-CA1A-436F-9919-F21C979B0E65}.Debug|Any CPU.ActiveCfg = Debug|Any CPU
		{275B2E93-CA1A-436F-9919-F21C979B0E65}.Debug|Any CPU.Build.0 = Debug|Any CPU
		{275B2E93-CA1A-436F-9919-F21C979B0E65}.Release|Any CPU.ActiveCfg = Release|Any CPU
		{275B2E93-CA1A-436F-9919-F21C979B0E65}.Release|Any CPU.Build.0 = Release|Any CPU
		{CFBB7CC1-3673-4719-8C6A-7888E49A035F}.Debug|Any CPU.ActiveCfg = Debug|Any CPU
		{CFBB7CC1-3673-4719-8C6A-7888E49A035F}.Debug|Any CPU.Build.0 = Debug|Any CPU
		{CFBB7CC1-3673-4719-8C6A-7888E49A035F}.Release|Any CPU.ActiveCfg = Release|Any CPU
		{CFBB7CC1-3673-4719-8C6A-7888E49A035F}.Release|Any CPU.Build.0 = Release|Any CPU
	EndGlobalSection
	GlobalSection(SolutionProperties) = preSolution
		HideSolutionNode = FALSE
	EndGlobalSection
	GlobalSection(ExtensibilityGlobals) = postSolution
		SolutionGuid = {8E4236C3-84F3-489D-9A15-6FB8E5EF9DBC}
	EndGlobalSection
EndGlobal
